
Microsoft Visual Studio Solution File, Format Version 12.00
# Visual Studio Version 16
VisualStudioVersion = 16.0.30406.217
MinimumVisualStudioVersion = 10.0.40219.1
Project("{9A19103F-16F7-4668-BE54-9A1E7A4F7556}") = "Shoppers.Web", "..\..\..\..\source\repos\GM-DotNetCore-Demos\Shoppers.Web\Shoppers.Web.csproj", "{1DAFCAC9-1885-4643-9347-7F758C2D9257}"
EndProject
Project("{9A19103F-16F7-4668-BE54-9A1E7A4F7556}") = "Shoppers.Data", "..\..\..\..\source\repos\GM-DotNetCore-Demos\Shoppers.Data\Shoppers.Data.csproj", "{42FB2C9D-E1CE-422C-BA2E-6DF583EDA26E}"
EndProject
Global
	GlobalSection(SolutionConfigurationPlatforms) = preSolution
		Debug|Any CPU = Debug|Any CPU
		Release|Any CPU = Release|Any CPU
	EndGlobalSection
	GlobalSection(ProjectConfigurationPlatforms) = postSolution
		{1DAFCAC9-1885-4643-9347-7F758C2D9257}.Debug|Any CPU.ActiveCfg = Debug|Any CPU
		{1DAFCAC9-1885-4643-9347-7F758C2D9257}.Debug|Any CPU.Build.0 = Debug|Any CPU
		{1DAFCAC9-1885-4643-9347-7F758C2D9257}.Release|Any CPU.ActiveCfg = Release|Any CPU
		{1DAFCAC9-1885-4643-9347-7F758C2D9257}.Release|Any CPU.Build.0 = Release|Any CPU
		{42FB2C9D-E1CE-422C-BA2E-6DF583EDA26E}.Debug|Any CPU.ActiveCfg = Debug|Any CPU
		{42FB2C9D-E1CE-422C-BA2E-6DF583EDA26E}.Debug|Any CPU.Build.0 = Debug|Any CPU
		{42FB2C9D-E1CE-422C-BA2E-6DF583EDA26E}.Release|Any CPU.ActiveCfg = Release|Any CPU
		{42FB2C9D-E1CE-422C-BA2E-6DF583EDA26E}.Release|Any CPU.Build.0 = Release|Any CPU
	EndGlobalSection
	GlobalSection(SolutionProperties) = preSolution
		HideSolutionNode = FALSE
	EndGlobalSection
	GlobalSection(ExtensibilityGlobals) = postSolution
		SolutionGuid = {A2289B33-F8F7-4E40-8A21-7802E10A190E}
	EndGlobalSection
EndGlobal
